<?xml version='1.0' encoding='utf-8'?>
<Project xmlns="http://schemas.microsoft.com/developer/msbuild/2003" ToolsVersion="4.0">
  <ItemGroup>
    <Manifest Include="settings.manifest" />
  </ItemGroup>
  <ItemGroup>
    <ClCompile Include="pch.cpp" />
    <ClCompile Include="Scene\GameScene\GameScene.cpp">
      <Filter>Scene\GameScene</Filter>
    </ClCompile>
    <ClCompile Include="Scene\TitleScene\TitleScene.cpp">
      <Filter>Scene\TitleScene</Filter>
    </ClCompile>
    <ClCompile Include="States\CombatStates.cpp">
      <Filter>States</Filter>
    </ClCompile>
    <ClCompile Include="Framework\Main.cpp">
      <Filter>Framework</Filter>
    </ClCompile>
    </ItemGroup>
  <ItemGroup>
    <ClInclude Include="pch.h" />
    <ClInclude Include="Scene\GameScene\GameScene.h">
      <Filter>Scene\GameScene</Filter>
    </ClInclude>
    <ClInclude Include="Scene\TitleScene\TitleScene.h">
      <Filter>Scene\TitleScene</Filter>
    </ClInclude>
    <ClInclude Include="States\CombatStates.h">
      <Filter>States</Filter>
    </ClInclude>
    <ClInclude Include="States\ICombatState.h">
      <Filter>States</Filter>
    </ClInclude>
    </ItemGroup>
  <ItemGroup>
    <ResourceCompile Include="resource.rc" />
  </ItemGroup>
  <ItemGroup>
    <Image Include="directx.ico" />
  </ItemGroup>
  <ItemGroup>
    <None Include="packages.config" />
    </ItemGroup>
  <ItemGroup>
    <Filter Include="Common">
      <UniqueIdentifier>{a355142e-3d25-4fca-922d-aeadbfedb2ae}</UniqueIdentifier>
    </Filter>
    <Filter Include="DirectXTK_Utilities">
      <UniqueIdentifier>{c86a2feb-a710-4e0f-8e6f-fabd949787bc}</UniqueIdentifier>
    </Filter>
    <Filter Include="ImaseLib">
      <UniqueIdentifier>{373fa7de-bb0c-473d-acc2-b72816c8a5ad}</UniqueIdentifier>
    </Filter>
    <Filter Include="Scene">
      <UniqueIdentifier>{6ee32f6a-f298-4e46-bb2f-07cf73db150a}</UniqueIdentifier>
    </Filter>
    <Filter Include="Scene\BaseScene">
      <UniqueIdentifier>{fad1c948-86ef-4cb2-acb4-185a59b4a139}</UniqueIdentifier>
    </Filter>
    <Filter Include="Scene\GameScene">
      <UniqueIdentifier>{0d9d6f68-4a02-4f44-994a-620e016fcc76}</UniqueIdentifier>
    </Filter>
    <Filter Include="Scene\TitleScene">
      <UniqueIdentifier>{1d9d6f68-4a02-4f44-994a-620e016fcc77}</UniqueIdentifier>
    </Filter>
    <Filter Include="Effect">
      <UniqueIdentifier>{5915fa9b-369f-46a7-b832-10067f3f5875}</UniqueIdentifier>
    </Filter>
    <Filter Include="Entities">
      <UniqueIdentifier>{a2f0aa4b-4b55-4981-806f-addef4a328fb}</UniqueIdentifier>
    </Filter>
    <Filter Include="States">
      <UniqueIdentifier>{8f06f2e5-d093-4aef-9400-0558a41c0845}</UniqueIdentifier>
    </Filter>
    <Filter Include="Camera">
      <UniqueIdentifier>{4780256a-30e1-4ac8-a139-628d7794971c}</UniqueIdentifier>
    </Filter>
    <Filter Include="Components">
      <UniqueIdentifier>{9a06591c-ad84-479e-9d8c-ea99a26b1195}</UniqueIdentifier>
    </Filter>
    <Filter Include="Shaders">
      <UniqueIdentifier>{d39c8c10-12c7-4c95-b4dd-ed97dd5cbbb5}</UniqueIdentifier>
    </Filter>
    <Filter Include="BlackBoard">
      <UniqueIdentifier>{323a272c-8af8-44fd-a7ab-d2215a1c0777}</UniqueIdentifier>
    </Filter>
    <Filter Include="Framework">
      <UniqueIdentifier>{ff47a537-cbd8-4b0c-b57b-e1562a993356}</UniqueIdentifier>
    </Filter>
    <Filter Include="Components\ColliderComponent">
      <UniqueIdentifier>{97b6bd58-ac24-430f-8eee-8d43fa6bdb6f}</UniqueIdentifier>
    </Filter>
    <Filter Include="ImGui">
      <UniqueIdentifier>{645f9198-81cc-4177-9663-39b3d0ec71ab}</UniqueIdentifier>
    </Filter>
    <Filter Include="Factory">
      <UniqueIdentifier>{0b41e055-baed-449d-8b94-87d6031a8b88}</UniqueIdentifier>
    </Filter>
    <Filter Include="BehaviourTree">
      <UniqueIdentifier>{f9777594-de78-4196-9ffd-6d28381a3228}</UniqueIdentifier>
    </Filter>
    <Filter Include="Message">
      <UniqueIdentifier>{f9235b91-6e95-4153-a32e-1c6878d4dd28}</UniqueIdentifier>
    </Filter>
    <Filter Include="DebugingTools">
      <UniqueIdentifier>{15e6802d-4ad2-49b9-88b5-97ebd7096072}</UniqueIdentifier>
    </Filter>
  </ItemGroup>
  <ItemGroup>
    </ItemGroup>
<ItemGroup><ClCompile Include="Factory\ActorFactory.cpp" /><ClCompile Include="States\CombatStates.cpp" /><ClCompile Include="Components\CombatStateMachineComponent.cpp" /><ClCompile Include="Components\PlayerInputComponent.cpp" /><ClCompile Include="BehaviourTree\BTAttackNode.cpp" /><ClCompile Include="BehaviourTree\BTChaseNode.cpp" /><ClCompile Include="BehaviourTree\BTCheckDistance.cpp" /><ClCompile Include="BehaviourTree\BTDodgeNode.cpp" /><ClCompile Include="BehaviourTree\BTStrafeNode.cpp" /></ItemGroup><ItemGroup><ClInclude Include="Factory\ActorFactory.h" /><ClInclude Include="States\CombatStates.h" /><ClInclude Include="States\ICombatState.h" /><ClInclude Include="BlackBoard\CombatBlackBoard.h" /><ClInclude Include="Components\CombatStateMachineComponent.h" /><ClInclude Include="Components\PlayerInputComponent.h" /><ClInclude Include="BehaviourTree\BTAttackNode.h" /><ClInclude Include="BehaviourTree\BTChaseNode.h" /><ClInclude Include="BehaviourTree\BTCheckDistance.h" /><ClInclude Include="BehaviourTree\BTDodgeNode.h" /><ClInclude Include="BehaviourTree\BTStrafeNode.h" /></ItemGroup><ItemGroup><ClCompile Include="Components\BehaviourTreeComponent.cpp" /><ClCompile Include="Components\CharacterMovementComponent.cpp" /></ItemGroup><ItemGroup><ClInclude Include="Components\BehaviourTreeComponent.h" /><ClInclude Include="Components\CharacterMovementComponent.h" /></ItemGroup></Project>