<?xml version="1.0" encoding="utf-8"?>
<Project ToolsVersion="4.0" xmlns="http://schemas.microsoft.com/developer/msbuild/2003">
  <ItemGroup>
    <Filter Include="Common">
      <UniqueIdentifier>f32329a3-cc70-4f2f-8186-324a5b3dbf61</UniqueIdentifier>
    </Filter>
    <Filter Include="Assets">
      <UniqueIdentifier>4877be50-d82b-49ce-b825-5f640c3498cf</UniqueIdentifier>
      <Extensions>ico;cur;bmp;dds;dlg;fbx;rct;bin;rgs;gif;jpg;jpeg;jpe;resx;tga;tiff;tif;png;wav;mfcribbon-ms</Extensions>
    </Filter>
    <Filter Include="ImaseLib">
      <UniqueIdentifier>{2c29bfe8-ac71-45ba-8909-f731d5a51b96}</UniqueIdentifier>
    </Filter>
    <Filter Include="Scene">
      <UniqueIdentifier>{ad92d2b2-c095-4615-9710-2b96d8a0bb5c}</UniqueIdentifier>
    </Filter>
    <Filter Include="DirectXTK_Utilities">
      <UniqueIdentifier>{b9855007-75dd-44b7-bb00-1e824ff358fe}</UniqueIdentifier>
    </Filter>
    <Filter Include="Scene\ShootingGameScene">
      <UniqueIdentifier>{d0fbfcf7-01e7-4014-89aa-2e620291a210}</UniqueIdentifier>
    </Filter>
    <Filter Include="Scene\ShootingGameScene\Task">
      <UniqueIdentifier>{5c1e9160-8444-4fe7-8416-6f045a37b0a9}</UniqueIdentifier>
    </Filter>
    <Filter Include="Scene\BaseScene">
      <UniqueIdentifier>{7cc6ab73-d1d8-4289-8885-6c28a7003a7c}</UniqueIdentifier>
    </Filter>
    <Filter Include="Scene\SpriteTestScene">
      <UniqueIdentifier>{2e497de8-20a2-44d1-886f-94e9713bb9ed}</UniqueIdentifier>
    </Filter>
  </ItemGroup>
  <ItemGroup>
    <ClInclude Include="pch.h" />
    <ClInclude Include="Game.h" />
    <ClInclude Include="Common\StepTimer.h">
      <Filter>Common</Filter>
    </ClInclude>
    <ClInclude Include="Common\DeviceResources.h">
      <Filter>Common</Filter>
    </ClInclude>
    <ClInclude Include="ImaseLib\SceneManager.h">
      <Filter>ImaseLib</Filter>
    </ClInclude>
    <ClInclude Include="ImaseLib\DebugCamera.h">
      <Filter>ImaseLib</Filter>
    </ClInclude>
    <ClInclude Include="ImaseLib\GridFloor.h">
      <Filter>ImaseLib</Filter>
    </ClInclude>
    <ClInclude Include="DirectXTK_Utilities\DebugDraw.h">
      <Filter>DirectXTK_Utilities</Filter>
    </ClInclude>
    <ClInclude Include="Scene\SceneId.h">
      <Filter>Scene</Filter>
    </ClInclude>
    <ClInclude Include="ImaseLib\DebugRenderer.h">
      <Filter>ImaseLib</Filter>
    </ClInclude>
    <ClInclude Include="ImaseLib\Task.h">
      <Filter>ImaseLib</Filter>
    </ClInclude>
    <ClInclude Include="ImaseLib\TaskSystem.h">
      <Filter>ImaseLib</Filter>
    </ClInclude>
    <ClInclude Include="Scene\ShootingGameScene\CollisionManager.h">
      <Filter>Scene\ShootingGameScene</Filter>
    </ClInclude>
    <ClInclude Include="Scene\ShootingGameScene\ShootingGameScene.h">
      <Filter>Scene\ShootingGameScene</Filter>
    </ClInclude>
    <ClInclude Include="Scene\ShootingGameScene\Task\BulletTask.h">
      <Filter>Scene\ShootingGameScene\Task</Filter>
    </ClInclude>
    <ClInclude Include="Scene\ShootingGameScene\Task\EnemyGeneratorTask.h">
      <Filter>Scene\ShootingGameScene\Task</Filter>
    </ClInclude>
    <ClInclude Include="Scene\ShootingGameScene\Task\EnemyTask.h">
      <Filter>Scene\ShootingGameScene\Task</Filter>
    </ClInclude>
    <ClInclude Include="Scene\ShootingGameScene\Task\ExplosionTask.h">
      <Filter>Scene\ShootingGameScene\Task</Filter>
    </ClInclude>
    <ClInclude Include="Scene\ShootingGameScene\Task\GameTypes.h">
      <Filter>Scene\ShootingGameScene\Task</Filter>
    </ClInclude>
    <ClInclude Include="Scene\ShootingGameScene\Task\PlayerTask.h">
      <Filter>Scene\ShootingGameScene\Task</Filter>
    </ClInclude>
    <ClInclude Include="Scene\BaseScene\BaseScene.h">
      <Filter>Scene\BaseScene</Filter>
    </ClInclude>
    <ClInclude Include="GameContext.h" />
    <ClInclude Include="Scene\SpriteTestScene\SpriteTestScene.h">
      <Filter>Scene\SpriteTestScene</Filter>
    </ClInclude>
  </ItemGroup>
  <ItemGroup>
    <ClCompile Include="pch.cpp" />
    <ClCompile Include="Game.cpp" />
    <ClCompile Include="Main.cpp" />
    <ClCompile Include="Common\DeviceResources.cpp">
      <Filter>Common</Filter>
    </ClCompile>
    <ClCompile Include="ImaseLib\DebugCamera.cpp">
      <Filter>ImaseLib</Filter>
    </ClCompile>
    <ClCompile Include="ImaseLib\GridFloor.cpp">
      <Filter>ImaseLib</Filter>
    </ClCompile>
    <ClCompile Include="DirectXTK_Utilities\DebugDraw.cpp">
      <Filter>DirectXTK_Utilities</Filter>
    </ClCompile>
    <ClCompile Include="ImaseLib\DebugRenderer.cpp">
      <Filter>ImaseLib</Filter>
    </ClCompile>
    <ClCompile Include="ImaseLib\Task.cpp">
      <Filter>ImaseLib</Filter>
    </ClCompile>
    <ClCompile Include="ImaseLib\TaskSystem.cpp">
      <Filter>ImaseLib</Filter>
    </ClCompile>
    <ClCompile Include="Scene\ShootingGameScene\CollisionManager.cpp">
      <Filter>Scene\ShootingGameScene</Filter>
    </ClCompile>
    <ClCompile Include="Scene\ShootingGameScene\ShootingGameScene.cpp">
      <Filter>Scene\ShootingGameScene</Filter>
    </ClCompile>
    <ClCompile Include="Scene\ShootingGameScene\Task\BulletTask.cpp">
      <Filter>Scene\ShootingGameScene\Task</Filter>
    </ClCompile>
    <ClCompile Include="Scene\ShootingGameScene\Task\EnemyGeneratorTask.cpp">
      <Filter>Scene\ShootingGameScene\Task</Filter>
    </ClCompile>
    <ClCompile Include="Scene\ShootingGameScene\Task\EnemyTask.cpp">
      <Filter>Scene\ShootingGameScene\Task</Filter>
    </ClCompile>
    <ClCompile Include="Scene\ShootingGameScene\Task\ExplosionTask.cpp">
      <Filter>Scene\ShootingGameScene\Task</Filter>
    </ClCompile>
    <ClCompile Include="Scene\ShootingGameScene\Task\PlayerTask.cpp">
      <Filter>Scene\ShootingGameScene\Task</Filter>
    </ClCompile>
    <ClCompile Include="Scene\BaseScene\BaseScene.cpp">
      <Filter>Scene\BaseScene</Filter>
    </ClCompile>
    <ClCompile Include="Scene\SpriteTestScene\SpriteTestScene.cpp">
      <Filter>Scene\SpriteTestScene</Filter>
    </ClCompile>
  </ItemGroup>
  <ItemGroup>
    <ResourceCompile Include="resource.rc" />
  </ItemGroup>
  <ItemGroup>
    <Image Include="directx.ico">
      <Filter>Assets</Filter>
    </Image>
  </ItemGroup>
  <ItemGroup>
    <Manifest Include="settings.manifest">
      <Filter>Assets</Filter>
    </Manifest>
  </ItemGroup>
  <ItemGroup>
    <None Include="packages.config" />
  </ItemGroup>
</Project>